/home/cachris/geneva/hypoxia/cellranger_human_mouse_combined/8-3_barn/possorted_genome_bam.bam
/home/cachris/geneva/hypoxia/cellranger_human_mouse_combined/21-2_barn/possorted_genome_bam.bam
/home/cachris/geneva/hypoxia/cellranger_human_mouse_combined/60-4_barn/possorted_genome_bam.bam
/home/cachris/geneva/hypoxia/cellranger_human_mouse_combined/60-1_barn/possorted_genome_bam.bam
/home/cachris/geneva/hypoxia/cellranger_human_mouse_combined/8-4_barn/possorted_genome_bam.bam
