/home/cachris/geneva/hypoxia/merged_vcf.gz
/home/cachris/geneva/hypoxia/indexed_vcfs/HPAFII.vcf.gz
/home/cachris/geneva/hypoxia/indexed_vcfs/35658.vcf.gz
/home/cachris/geneva/hypoxia/indexed_vcfs/ND09329.vcf.gz
/home/cachris/geneva/hypoxia/indexed_vcfs/BxPC3.vcf.gz
/home/cachris/geneva/hypoxia/indexed_vcfs/143B.vcf.gz
/home/cachris/geneva/hypoxia/indexed_vcfs/2GW3iCTR.vcf.gz
/home/cachris/geneva/hypoxia/indexed_vcfs/5GR5iALS.vcf.gz
/home/cachris/geneva/hypoxia/indexed_vcfs/9711.vcf.gz
/home/cachris/geneva/hypoxia/indexed_vcfs/HCC1806.vcf.gz
/home/cachris/geneva/hypoxia/indexed_vcfs/No3.vcf.gz
/home/cachris/geneva/hypoxia/indexed_vcfs/50073.vcf.gz
/home/cachris/geneva/hypoxia/indexed_vcfs/3XLKiALS.vcf.gz
/home/cachris/geneva/hypoxia/indexed_vcfs/SOD139B_2.vcf.gz
/home/cachris/geneva/hypoxia/indexed_vcfs/SH4.vcf.gz
/home/cachris/geneva/hypoxia/indexed_vcfs/2CLNiALS.vcf.gz
/home/cachris/geneva/hypoxia/indexed_vcfs/SW1990.vcf.gz
/home/cachris/geneva/hypoxia/indexed_vcfs/ND50082.vcf.gz
/home/cachris/geneva/hypoxia/indexed_vcfs/6769_c1.vcf.gz
/home/cachris/geneva/hypoxia/indexed_vcfs/5FFPiALS.vcf.gz
/home/cachris/geneva/hypoxia/indexed_vcfs/LN229.vcf.gz
/home/cachris/geneva/hypoxia/indexed_vcfs/0WD8iALS.vcf.gz
/home/cachris/geneva/hypoxia/indexed_vcfs/10739_fibs.vcf.gz
/home/cachris/geneva/hypoxia/indexed_vcfs/184.vcf.gz
/home/cachris/geneva/hypoxia/indexed_vcfs/12099.vcf.gz
/home/cachris/geneva/hypoxia/indexed_vcfs/14185.vcf.gz
/home/cachris/geneva/hypoxia/indexed_vcfs/786O.vcf.gz
/home/cachris/geneva/hypoxia/indexed_vcfs/39B.vcf.gz
/home/cachris/geneva/hypoxia/indexed_vcfs/2PFYiCTR.vcf.gz
/home/cachris/geneva/hypoxia/indexed_vcfs/0JCLiALS.vcf.gz
/home/cachris/geneva/hypoxia/indexed_vcfs/AG0017.vcf.gz
/home/cachris/geneva/hypoxia/indexed_vcfs/1RUG.vcf.gz
/home/cachris/geneva/hypoxia/indexed_vcfs/PC3.vcf.gz
/home/cachris/geneva/hypoxia/indexed_vcfs/2NDDiALS.vcf.gz
/home/cachris/geneva/hypoxia/indexed_vcfs/10689.vcf.gz
/home/cachris/geneva/hypoxia/indexed_vcfs/ND35663.vcf.gz
/home/cachris/geneva/hypoxia/indexed_vcfs/11813_fibs.vcf.gz
/home/cachris/geneva/hypoxia/indexed_vcfs/93E.vcf.gz
/home/cachris/geneva/hypoxia/indexed_vcfs/Hep3b.vcf.gz
/home/cachris/geneva/hypoxia/indexed_vcfs/5JAZiALS.vcf.gz
/home/cachris/geneva/hypoxia/indexed_vcfs/2DDGiALS.vcf.gz
/home/cachris/geneva/hypoxia/indexed_vcfs/SU8686.vcf.gz
/home/cachris/geneva/hypoxia/indexed_vcfs/LNCaP.vcf.gz
/home/cachris/geneva/hypoxia/indexed_vcfs/13454_fibs.vcf.gz
/home/cachris/geneva/hypoxia/indexed_vcfs/6GHCiALS.vcf.gz
/home/cachris/geneva/hypoxia/indexed_vcfs/12100.vcf.gz
/home/cachris/geneva/hypoxia/indexed_vcfs/Capan2.vcf.gz
/home/cachris/geneva/hypoxia/indexed_vcfs/29iALS_ISO.vcf.gz
/home/cachris/geneva/hypoxia/indexed_vcfs/41865.vcf.gz
/home/cachris/geneva/hypoxia/indexed_vcfs/SOD139B_1.vcf.gz
/home/cachris/geneva/hypoxia/indexed_vcfs/6769.vcf.gz
/home/cachris/geneva/hypoxia/indexed_vcfs/5MRLiCTR.vcf.gz
/home/cachris/geneva/hypoxia/indexed_vcfs/Panc1005.vcf.gz
/home/cachris/geneva/hypoxia/indexed_vcfs/HPAC.vcf.gz
/home/cachris/geneva/hypoxia/indexed_vcfs/29iALS.vcf.gz
/home/cachris/geneva/hypoxia/indexed_vcfs/AsPC1.vcf.gz
/home/cachris/geneva/hypoxia/indexed_vcfs/12240.vcf.gz
/home/cachris/geneva/hypoxia/indexed_vcfs/AH9iALS.vcf.gz
/home/cachris/geneva/hypoxia/indexed_vcfs/A375.vcf.gz
/home/cachris/geneva/hypoxia/indexed_vcfs/39B_Corr.vcf.gz
/home/cachris/geneva/hypoxia/indexed_vcfs/CS2YNLiALS.vcf.gz
/home/cachris/geneva/hypoxia/indexed_vcfs/2B09.vcf.gz
/home/cachris/geneva/hypoxia/indexed_vcfs/AGS.vcf.gz
/home/cachris/geneva/hypoxia/indexed_vcfs/ND08075.vcf.gz
/home/cachris/geneva/hypoxia/indexed_vcfs/5280.vcf.gz
/home/cachris/geneva/hypoxia/indexed_vcfs/9292_fibs.vcf.gz
/home/cachris/geneva/hypoxia/indexed_vcfs/3719.vcf.gz
/home/cachris/geneva/hypoxia/indexed_vcfs/ES.vcf.gz
/home/cachris/geneva/hypoxia/indexed_vcfs/CS5HF7iALS.vcf.gz
/home/cachris/geneva/hypoxia/indexed_vcfs/ND08957.vcf.gz
/home/cachris/geneva/hypoxia/indexed_vcfs/OKVBiALS.vcf.gz
/home/cachris/geneva/hypoxia/indexed_vcfs/CS0KBHiALS.vcf.gz
/home/cachris/geneva/hypoxia/indexed_vcfs/SJSA1.vcf.gz
/home/cachris/geneva/hypoxia/indexed_vcfs/32947_c7.vcf.gz
/home/cachris/geneva/hypoxia/indexed_vcfs/Panc0504.vcf.gz
/home/cachris/geneva/hypoxia/indexed_vcfs/50007.vcf.gz
/home/cachris/geneva/hypoxia/indexed_vcfs/Caki1.vcf.gz
/home/cachris/geneva/hypoxia/indexed_vcfs/U87.vcf.gz
/home/cachris/geneva/hypoxia/indexed_vcfs/50000.vcf.gz
/home/cachris/geneva/hypoxia/indexed_vcfs/50004.vcf.gz
/home/cachris/geneva/hypoxia/indexed_vcfs/Panc0203.vcf.gz
/home/cachris/geneva/hypoxia/indexed_vcfs/CS0KHAiALS.vcf.gz
/home/cachris/geneva/hypoxia/indexed_vcfs/SW620.vcf.gz
/home/cachris/geneva/hypoxia/indexed_vcfs/MDA231.vcf.gz
/home/cachris/geneva/hypoxia/indexed_vcfs/HepG2.vcf.gz
/home/cachris/geneva/hypoxia/indexed_vcfs/10739.vcf.gz
/home/cachris/geneva/hypoxia/indexed_vcfs/Panc1.vcf.gz
/home/cachris/geneva/hypoxia/indexed_vcfs/3231.vcf.gz
/home/cachris/geneva/hypoxia/indexed_vcfs/2WW0iALS.vcf.gz
/home/cachris/geneva/hypoxia/indexed_vcfs/13454.vcf.gz
/home/cachris/geneva/hypoxia/indexed_vcfs/HCT15.vcf.gz
/home/cachris/geneva/hypoxia/indexed_vcfs/No4.vcf.gz
/home/cachris/geneva/hypoxia/indexed_vcfs/1B06.vcf.gz
/home/cachris/geneva/hypoxia/indexed_vcfs/0YJYiALS.vcf.gz
/home/cachris/geneva/hypoxia/indexed_vcfs/6GNGiCTR.vcf.gz
/home/cachris/geneva/hypoxia/vcfs/HPAFII.vcf.gz
/home/cachris/geneva/hypoxia/vcfs/35658.vcf.gz
/home/cachris/geneva/hypoxia/vcfs/ND09329.vcf.gz
/home/cachris/geneva/hypoxia/vcfs/BxPC3.vcf.gz
/home/cachris/geneva/hypoxia/vcfs/143B.vcf.gz
/home/cachris/geneva/hypoxia/vcfs/2GW3iCTR.vcf.gz
/home/cachris/geneva/hypoxia/vcfs/5GR5iALS.vcf.gz
/home/cachris/geneva/hypoxia/vcfs/9711.vcf.gz
/home/cachris/geneva/hypoxia/vcfs/HCC1806.vcf.gz
/home/cachris/geneva/hypoxia/vcfs/No3.vcf.gz
/home/cachris/geneva/hypoxia/vcfs/50073.vcf.gz
/home/cachris/geneva/hypoxia/vcfs/3XLKiALS.vcf.gz
/home/cachris/geneva/hypoxia/vcfs/SOD139B_2.vcf.gz
/home/cachris/geneva/hypoxia/vcfs/SH4.vcf.gz
/home/cachris/geneva/hypoxia/vcfs/2CLNiALS.vcf.gz
/home/cachris/geneva/hypoxia/vcfs/SW1990.vcf.gz
/home/cachris/geneva/hypoxia/vcfs/ND50082.vcf.gz
/home/cachris/geneva/hypoxia/vcfs/6769_c1.vcf.gz
/home/cachris/geneva/hypoxia/vcfs/5FFPiALS.vcf.gz
/home/cachris/geneva/hypoxia/vcfs/LN229.vcf.gz
/home/cachris/geneva/hypoxia/vcfs/0WD8iALS.vcf.gz
/home/cachris/geneva/hypoxia/vcfs/10739_fibs.vcf.gz
/home/cachris/geneva/hypoxia/vcfs/184.vcf.gz
/home/cachris/geneva/hypoxia/vcfs/12099.vcf.gz
/home/cachris/geneva/hypoxia/vcfs/14185.vcf.gz
/home/cachris/geneva/hypoxia/vcfs/786O.vcf.gz
/home/cachris/geneva/hypoxia/vcfs/39B.vcf.gz
/home/cachris/geneva/hypoxia/vcfs/2PFYiCTR.vcf.gz
/home/cachris/geneva/hypoxia/vcfs/0JCLiALS.vcf.gz
/home/cachris/geneva/hypoxia/vcfs/AG0017.vcf.gz
/home/cachris/geneva/hypoxia/vcfs/1RUG.vcf.gz
/home/cachris/geneva/hypoxia/vcfs/PC3.vcf.gz
/home/cachris/geneva/hypoxia/vcfs/2NDDiALS.vcf.gz
/home/cachris/geneva/hypoxia/vcfs/10689.vcf.gz
/home/cachris/geneva/hypoxia/vcfs/ND35663.vcf.gz
/home/cachris/geneva/hypoxia/vcfs/11813_fibs.vcf.gz
/home/cachris/geneva/hypoxia/vcfs/93E.vcf.gz
/home/cachris/geneva/hypoxia/vcfs/Hep3b.vcf.gz
/home/cachris/geneva/hypoxia/vcfs/5JAZiALS.vcf.gz
/home/cachris/geneva/hypoxia/vcfs/2DDGiALS.vcf.gz
/home/cachris/geneva/hypoxia/vcfs/SU8686.vcf.gz
/home/cachris/geneva/hypoxia/vcfs/LNCaP.vcf.gz
/home/cachris/geneva/hypoxia/vcfs/13454_fibs.vcf.gz
/home/cachris/geneva/hypoxia/vcfs/6GHCiALS.vcf.gz
/home/cachris/geneva/hypoxia/vcfs/12100.vcf.gz
/home/cachris/geneva/hypoxia/vcfs/Capan2.vcf.gz
/home/cachris/geneva/hypoxia/vcfs/29iALS_ISO.vcf.gz
/home/cachris/geneva/hypoxia/vcfs/41865.vcf.gz
/home/cachris/geneva/hypoxia/vcfs/SOD139B_1.vcf.gz
/home/cachris/geneva/hypoxia/vcfs/6769.vcf.gz
/home/cachris/geneva/hypoxia/vcfs/5MRLiCTR.vcf.gz
/home/cachris/geneva/hypoxia/vcfs/Panc1005.vcf.gz
/home/cachris/geneva/hypoxia/vcfs/HPAC.vcf.gz
/home/cachris/geneva/hypoxia/vcfs/29iALS.vcf.gz
/home/cachris/geneva/hypoxia/vcfs/AsPC1.vcf.gz
/home/cachris/geneva/hypoxia/vcfs/12240.vcf.gz
/home/cachris/geneva/hypoxia/vcfs/AH9iALS.vcf.gz
/home/cachris/geneva/hypoxia/vcfs/A375.vcf.gz
/home/cachris/geneva/hypoxia/vcfs/39B_Corr.vcf.gz
/home/cachris/geneva/hypoxia/vcfs/CS2YNLiALS.vcf.gz
/home/cachris/geneva/hypoxia/vcfs/2B09.vcf.gz
/home/cachris/geneva/hypoxia/vcfs/AGS.vcf.gz
/home/cachris/geneva/hypoxia/vcfs/ND08075.vcf.gz
/home/cachris/geneva/hypoxia/vcfs/5280.vcf.gz
/home/cachris/geneva/hypoxia/vcfs/9292_fibs.vcf.gz
/home/cachris/geneva/hypoxia/vcfs/3719.vcf.gz
/home/cachris/geneva/hypoxia/vcfs/ES.vcf.gz
/home/cachris/geneva/hypoxia/vcfs/CS5HF7iALS.vcf.gz
/home/cachris/geneva/hypoxia/vcfs/ND08957.vcf.gz
/home/cachris/geneva/hypoxia/vcfs/OKVBiALS.vcf.gz
/home/cachris/geneva/hypoxia/vcfs/CS0KBHiALS.vcf.gz
/home/cachris/geneva/hypoxia/vcfs/SJSA1.vcf.gz
/home/cachris/geneva/hypoxia/vcfs/32947_c7.vcf.gz
/home/cachris/geneva/hypoxia/vcfs/Panc0504.vcf.gz
/home/cachris/geneva/hypoxia/vcfs/50007.vcf.gz
/home/cachris/geneva/hypoxia/vcfs/Caki1.vcf.gz
/home/cachris/geneva/hypoxia/vcfs/U87.vcf.gz
/home/cachris/geneva/hypoxia/vcfs/50000.vcf.gz
/home/cachris/geneva/hypoxia/vcfs/50004.vcf.gz
/home/cachris/geneva/hypoxia/vcfs/Panc0203.vcf.gz
/home/cachris/geneva/hypoxia/vcfs/CS0KHAiALS.vcf.gz
/home/cachris/geneva/hypoxia/vcfs/SW620.vcf.gz
/home/cachris/geneva/hypoxia/vcfs/MDA231.vcf.gz
/home/cachris/geneva/hypoxia/vcfs/HepG2.vcf.gz
/home/cachris/geneva/hypoxia/vcfs/10739.vcf.gz
/home/cachris/geneva/hypoxia/vcfs/Panc1.vcf.gz
/home/cachris/geneva/hypoxia/vcfs/3231.vcf.gz
/home/cachris/geneva/hypoxia/vcfs/2WW0iALS.vcf.gz
/home/cachris/geneva/hypoxia/vcfs/13454.vcf.gz
/home/cachris/geneva/hypoxia/vcfs/HCT15.vcf.gz
/home/cachris/geneva/hypoxia/vcfs/No4.vcf.gz
/home/cachris/geneva/hypoxia/vcfs/1B06.vcf.gz
/home/cachris/geneva/hypoxia/vcfs/0YJYiALS.vcf.gz
/home/cachris/geneva/hypoxia/vcfs/6GNGiCTR.vcf.gz
